// !$*UTF8*$!
{
	archiveVersion = 1;
	classes = {
	};
	objectVersion = 46;
	objects = {

/* Begin PBXBuildFile section */
		304E38F77457A61E1DE1B11E /* Pods_Quality_Clean.framework in Frameworks */ = {isa = PBXBuildFile; fileRef = 9CBC8E16BDFBE897656049B2 /* Pods_Quality_Clean.framework */; };
		69102E7C1F5B83CD00685760 /* avatar-overlay@2x.png in Resources */ = {isa = PBXBuildFile; fileRef = 69102E7A1F5B83CD00685760 /* avatar-overlay@2x.png */; };
		69102E7D1F5B83CD00685760 /* avatar-overlay.png in Resources */ = {isa = PBXBuildFile; fileRef = 69102E7B1F5B83CD00685760 /* avatar-overlay.png */; };
		69102E831F5B9DA300685760 /* BookingsCellTableViewCell.swift in Sources */ = {isa = PBXBuildFile; fileRef = 69102E821F5B9DA300685760 /* BookingsCellTableViewCell.swift */; };
		6923D3B41F4F8C75006D0FA1 /* Constants.swift in Sources */ = {isa = PBXBuildFile; fileRef = 6923D3B31F4F8C75006D0FA1 /* Constants.swift */; };
		6929554F1F5A57D20034CBB5 /* PickerDialog.swift in Sources */ = {isa = PBXBuildFile; fileRef = 6929554E1F5A57D20034CBB5 /* PickerDialog.swift */; };
		6956B5FF1F5AF808003E810C /* placeholderhome.jpg in Resources */ = {isa = PBXBuildFile; fileRef = 6956B5FE1F5AF808003E810C /* placeholderhome.jpg */; };
		6956B6011F5AFA4D003E810C /* BookingDetailViewController.swift in Sources */ = {isa = PBXBuildFile; fileRef = 6956B6001F5AFA4D003E810C /* BookingDetailViewController.swift */; };
		6956B6031F5B0128003E810C /* o.png in Resources */ = {isa = PBXBuildFile; fileRef = 6956B6021F5B0128003E810C /* o.png */; };
		696160F21F51E9F1009133F6 /* ScrollViewController.swift in Sources */ = {isa = PBXBuildFile; fileRef = 696160F11F51E9F1009133F6 /* ScrollViewController.swift */; };
		6993EBA91F5B6066002C8965 /* icons8-User-50.png in Resources */ = {isa = PBXBuildFile; fileRef = 6993EBA81F5B6066002C8965 /* icons8-User-50.png */; };
		6993EBB11F5B61D4002C8965 /* rocket.png in Resources */ = {isa = PBXBuildFile; fileRef = 6993EBB01F5B61D4002C8965 /* rocket.png */; };
		699CCA381F4FF1610089D45B /* owl.jpg in Resources */ = {isa = PBXBuildFile; fileRef = 699CCA371F4FF1610089D45B /* owl.jpg */; };
		69B09EE91F4F472400E134E8 /* LoginViewController.swift in Sources */ = {isa = PBXBuildFile; fileRef = 69B09EE81F4F472400E134E8 /* LoginViewController.swift */; };
		69B09EEB1F4F474300E134E8 /* ResetPasswordViewController.swift in Sources */ = {isa = PBXBuildFile; fileRef = 69B09EEA1F4F474300E134E8 /* ResetPasswordViewController.swift */; };
		69C52DD71F53539000E4E9C9 /* icon.png in Resources */ = {isa = PBXBuildFile; fileRef = 69C52DD61F53539000E4E9C9 /* icon.png */; };
		69C52DD91F5353BC00E4E9C9 /* transparenticon.png in Resources */ = {isa = PBXBuildFile; fileRef = 69C52DD81F5353BC00E4E9C9 /* transparenticon.png */; };
		69D116761F4F967C004BE063 /* CompleteSignUpViewController.swift in Sources */ = {isa = PBXBuildFile; fileRef = 69D116751F4F967C004BE063 /* CompleteSignUpViewController.swift */; };
		69DAAF5D1F4F2B46006E7CE3 /* AppDelegate.swift in Sources */ = {isa = PBXBuildFile; fileRef = 69DAAF5C1F4F2B46006E7CE3 /* AppDelegate.swift */; };
		69DAAF5F1F4F2B46006E7CE3 /* FirstViewController.swift in Sources */ = {isa = PBXBuildFile; fileRef = 69DAAF5E1F4F2B46006E7CE3 /* FirstViewController.swift */; };
		69DAAF611F4F2B46006E7CE3 /* SecondViewController.swift in Sources */ = {isa = PBXBuildFile; fileRef = 69DAAF601F4F2B46006E7CE3 /* SecondViewController.swift */; };
		69DAAF641F4F2B46006E7CE3 /* Main.storyboard in Resources */ = {isa = PBXBuildFile; fileRef = 69DAAF621F4F2B46006E7CE3 /* Main.storyboard */; };
		69DAAF661F4F2B46006E7CE3 /* Assets.xcassets in Resources */ = {isa = PBXBuildFile; fileRef = 69DAAF651F4F2B46006E7CE3 /* Assets.xcassets */; };
		69DAAF691F4F2B46006E7CE3 /* LaunchScreen.storyboard in Resources */ = {isa = PBXBuildFile; fileRef = 69DAAF671F4F2B46006E7CE3 /* LaunchScreen.storyboard */; };
		69DAAF711F4F3333006E7CE3 /* SignUpViewController.swift in Sources */ = {isa = PBXBuildFile; fileRef = 69DAAF701F4F3333006E7CE3 /* SignUpViewController.swift */; };
		69DAAF731F4F3385006E7CE3 /* GoogleService-Info.plist in Resources */ = {isa = PBXBuildFile; fileRef = 69DAAF721F4F3385006E7CE3 /* GoogleService-Info.plist */; };
		69F452C91F50F8DE00D78E45 /* BookingsViewControllerTableViewController.swift in Sources */ = {isa = PBXBuildFile; fileRef = 69F452C81F50F8DE00D78E45 /* BookingsViewControllerTableViewController.swift */; };
		69F7EB501F5006A90098BF47 /* avatar-empty.png in Resources */ = {isa = PBXBuildFile; fileRef = 69F7EB4C1F5006A90098BF47 /* avatar-empty.png */; };
		69F7EB511F5006A90098BF47 /* avatar-empty@2x.png in Resources */ = {isa = PBXBuildFile; fileRef = 69F7EB4D1F5006A90098BF47 /* avatar-empty@2x.png */; };
/* End PBXBuildFile section */

/* Begin PBXFileReference section */
		69102E7A1F5B83CD00685760 /* avatar-overlay@2x.png */ = {isa = PBXFileReference; lastKnownFileType = image.png; path = "avatar-overlay@2x.png"; sourceTree = "<group>"; };
		69102E7B1F5B83CD00685760 /* avatar-overlay.png */ = {isa = PBXFileReference; lastKnownFileType = image.png; path = "avatar-overlay.png"; sourceTree = "<group>"; };
		69102E821F5B9DA300685760 /* BookingsCellTableViewCell.swift */ = {isa = PBXFileReference; fileEncoding = 4; lastKnownFileType = sourcecode.swift; path = BookingsCellTableViewCell.swift; sourceTree = "<group>"; };
		6923D3B31F4F8C75006D0FA1 /* Constants.swift */ = {isa = PBXFileReference; fileEncoding = 4; lastKnownFileType = sourcecode.swift; path = Constants.swift; sourceTree = "<group>"; };
		6929554E1F5A57D20034CBB5 /* PickerDialog.swift */ = {isa = PBXFileReference; fileEncoding = 4; lastKnownFileType = sourcecode.swift; path = PickerDialog.swift; sourceTree = "<group>"; };
		6956B5FE1F5AF808003E810C /* placeholderhome.jpg */ = {isa = PBXFileReference; lastKnownFileType = image.jpeg; path = placeholderhome.jpg; sourceTree = "<group>"; };
		6956B6001F5AFA4D003E810C /* BookingDetailViewController.swift */ = {isa = PBXFileReference; fileEncoding = 4; lastKnownFileType = sourcecode.swift; path = BookingDetailViewController.swift; sourceTree = "<group>"; };
		6956B6021F5B0128003E810C /* o.png */ = {isa = PBXFileReference; lastKnownFileType = image.png; path = o.png; sourceTree = "<group>"; };
		696160F11F51E9F1009133F6 /* ScrollViewController.swift */ = {isa = PBXFileReference; fileEncoding = 4; lastKnownFileType = sourcecode.swift; path = ScrollViewController.swift; sourceTree = "<group>"; };
		6993EBA81F5B6066002C8965 /* icons8-User-50.png */ = {isa = PBXFileReference; lastKnownFileType = image.png; path = "icons8-User-50.png"; sourceTree = "<group>"; };
		6993EBB01F5B61D4002C8965 /* rocket.png */ = {isa = PBXFileReference; lastKnownFileType = image.png; path = rocket.png; sourceTree = "<group>"; };
		699CCA371F4FF1610089D45B /* owl.jpg */ = {isa = PBXFileReference; lastKnownFileType = image.jpeg; path = owl.jpg; sourceTree = "<group>"; };
		69B09EE81F4F472400E134E8 /* LoginViewController.swift */ = {isa = PBXFileReference; fileEncoding = 4; lastKnownFileType = sourcecode.swift; path = LoginViewController.swift; sourceTree = "<group>"; };
		69B09EEA1F4F474300E134E8 /* ResetPasswordViewController.swift */ = {isa = PBXFileReference; fileEncoding = 4; lastKnownFileType = sourcecode.swift; path = ResetPasswordViewController.swift; sourceTree = "<group>"; };
		69C52DD61F53539000E4E9C9 /* icon.png */ = {isa = PBXFileReference; lastKnownFileType = image.png; path = icon.png; sourceTree = "<group>"; };
		69C52DD81F5353BC00E4E9C9 /* transparenticon.png */ = {isa = PBXFileReference; lastKnownFileType = image.png; path = transparenticon.png; sourceTree = "<group>"; };
		69D116751F4F967C004BE063 /* CompleteSignUpViewController.swift */ = {isa = PBXFileReference; fileEncoding = 4; lastKnownFileType = sourcecode.swift; path = CompleteSignUpViewController.swift; sourceTree = "<group>"; };
		69DAAF591F4F2B46006E7CE3 /* Quality Clean.app */ = {isa = PBXFileReference; explicitFileType = wrapper.application; includeInIndex = 0; path = "Quality Clean.app"; sourceTree = BUILT_PRODUCTS_DIR; };
		69DAAF5C1F4F2B46006E7CE3 /* AppDelegate.swift */ = {isa = PBXFileReference; lastKnownFileType = sourcecode.swift; path = AppDelegate.swift; sourceTree = "<group>"; };
		69DAAF5E1F4F2B46006E7CE3 /* FirstViewController.swift */ = {isa = PBXFileReference; lastKnownFileType = sourcecode.swift; path = FirstViewController.swift; sourceTree = "<group>"; };
		69DAAF601F4F2B46006E7CE3 /* SecondViewController.swift */ = {isa = PBXFileReference; lastKnownFileType = sourcecode.swift; path = SecondViewController.swift; sourceTree = "<group>"; };
		69DAAF631F4F2B46006E7CE3 /* Base */ = {isa = PBXFileReference; lastKnownFileType = file.storyboard; name = Base; path = Base.lproj/Main.storyboard; sourceTree = "<group>"; };
		69DAAF651F4F2B46006E7CE3 /* Assets.xcassets */ = {isa = PBXFileReference; lastKnownFileType = folder.assetcatalog; path = Assets.xcassets; sourceTree = "<group>"; };
		69DAAF681F4F2B46006E7CE3 /* Base */ = {isa = PBXFileReference; lastKnownFileType = file.storyboard; name = Base; path = Base.lproj/LaunchScreen.storyboard; sourceTree = "<group>"; };
		69DAAF6A1F4F2B46006E7CE3 /* Info.plist */ = {isa = PBXFileReference; lastKnownFileType = text.plist.xml; path = Info.plist; sourceTree = "<group>"; };
		69DAAF701F4F3333006E7CE3 /* SignUpViewController.swift */ = {isa = PBXFileReference; fileEncoding = 4; lastKnownFileType = sourcecode.swift; path = SignUpViewController.swift; sourceTree = "<group>"; };
		69DAAF721F4F3385006E7CE3 /* GoogleService-Info.plist */ = {isa = PBXFileReference; fileEncoding = 4; lastKnownFileType = text.plist.xml; path = "GoogleService-Info.plist"; sourceTree = "<group>"; };
		69F452C81F50F8DE00D78E45 /* BookingsViewControllerTableViewController.swift */ = {isa = PBXFileReference; fileEncoding = 4; lastKnownFileType = sourcecode.swift; path = BookingsViewControllerTableViewController.swift; sourceTree = "<group>"; };
		69F7EB4C1F5006A90098BF47 /* avatar-empty.png */ = {isa = PBXFileReference; lastKnownFileType = image.png; path = "avatar-empty.png"; sourceTree = "<group>"; };
		69F7EB4D1F5006A90098BF47 /* avatar-empty@2x.png */ = {isa = PBXFileReference; lastKnownFileType = image.png; path = "avatar-empty@2x.png"; sourceTree = "<group>"; };
		6A60A0633CC6975A39E0478E /* Pods-Quality Clean.debug.xcconfig */ = {isa = PBXFileReference; includeInIndex = 1; lastKnownFileType = text.xcconfig; name = "Pods-Quality Clean.debug.xcconfig"; path = "Pods/Target Support Files/Pods-Quality Clean/Pods-Quality Clean.debug.xcconfig"; sourceTree = "<group>"; };
		9743DBF875DC5A2F22730220 /* Pods-Quality Clean.release.xcconfig */ = {isa = PBXFileReference; includeInIndex = 1; lastKnownFileType = text.xcconfig; name = "Pods-Quality Clean.release.xcconfig"; path = "Pods/Target Support Files/Pods-Quality Clean/Pods-Quality Clean.release.xcconfig"; sourceTree = "<group>"; };
		9CBC8E16BDFBE897656049B2 /* Pods_Quality_Clean.framework */ = {isa = PBXFileReference; explicitFileType = wrapper.framework; includeInIndex = 0; path = Pods_Quality_Clean.framework; sourceTree = BUILT_PRODUCTS_DIR; };
/* End PBXFileReference section */

/* Begin PBXFrameworksBuildPhase section */
		69DAAF561F4F2B46006E7CE3 /* Frameworks */ = {
			isa = PBXFrameworksBuildPhase;
			buildActionMask = 2147483647;
			files = (
				304E38F77457A61E1DE1B11E /* Pods_Quality_Clean.framework in Frameworks */,
			);
			runOnlyForDeploymentPostprocessing = 0;
		};
/* End PBXFrameworksBuildPhase section */

/* Begin PBXGroup section */
		00233E8AFEF26184DC0A231E /* Frameworks */ = {
			isa = PBXGroup;
			children = (
				9CBC8E16BDFBE897656049B2 /* Pods_Quality_Clean.framework */,
			);
			name = Frameworks;
			sourceTree = "<group>";
		};
		69752EBD1F50C84C000B7859 /* images */ = {
			isa = PBXGroup;
			children = (
				69102E7A1F5B83CD00685760 /* avatar-overlay@2x.png */,
				69102E7B1F5B83CD00685760 /* avatar-overlay.png */,
				6993EBB01F5B61D4002C8965 /* rocket.png */,
				6993EBA81F5B6066002C8965 /* icons8-User-50.png */,
				6956B6021F5B0128003E810C /* o.png */,
				6956B5FE1F5AF808003E810C /* placeholderhome.jpg */,
				69C52DD81F5353BC00E4E9C9 /* transparenticon.png */,
				69C52DD61F53539000E4E9C9 /* icon.png */,
				69F7EB4C1F5006A90098BF47 /* avatar-empty.png */,
				69F7EB4D1F5006A90098BF47 /* avatar-empty@2x.png */,
				699CCA371F4FF1610089D45B /* owl.jpg */,
			);
			name = images;
			sourceTree = "<group>";
		};
		69DAAF501F4F2B46006E7CE3 = {
			isa = PBXGroup;
			children = (
				69DAAF5B1F4F2B46006E7CE3 /* Quality Clean */,
				69DAAF5A1F4F2B46006E7CE3 /* Products */,
				69DAAF721F4F3385006E7CE3 /* GoogleService-Info.plist */,
				9B9CDF31590C16E662094FEB /* Pods */,
				00233E8AFEF26184DC0A231E /* Frameworks */,
			);
			sourceTree = "<group>";
		};
		69DAAF5A1F4F2B46006E7CE3 /* Products */ = {
			isa = PBXGroup;
			children = (
				69DAAF591F4F2B46006E7CE3 /* Quality Clean.app */,
			);
			name = Products;
			sourceTree = "<group>";
		};
		69DAAF5B1F4F2B46006E7CE3 /* Quality Clean */ = {
			isa = PBXGroup;
			children = (
				6929554E1F5A57D20034CBB5 /* PickerDialog.swift */,
				69752EBD1F50C84C000B7859 /* images */,
				69DAAF701F4F3333006E7CE3 /* SignUpViewController.swift */,
				69DAAF5C1F4F2B46006E7CE3 /* AppDelegate.swift */,
				69DAAF5E1F4F2B46006E7CE3 /* FirstViewController.swift */,
				69D116751F4F967C004BE063 /* CompleteSignUpViewController.swift */,
				69DAAF601F4F2B46006E7CE3 /* SecondViewController.swift */,
				69DAAF621F4F2B46006E7CE3 /* Main.storyboard */,
				69B09EEA1F4F474300E134E8 /* ResetPasswordViewController.swift */,
				69B09EE81F4F472400E134E8 /* LoginViewController.swift */,
				69DAAF651F4F2B46006E7CE3 /* Assets.xcassets */,
				69DAAF671F4F2B46006E7CE3 /* LaunchScreen.storyboard */,
				69DAAF6A1F4F2B46006E7CE3 /* Info.plist */,
				6923D3B31F4F8C75006D0FA1 /* Constants.swift */,
				69F452C81F50F8DE00D78E45 /* BookingsViewControllerTableViewController.swift */,
				696160F11F51E9F1009133F6 /* ScrollViewController.swift */,
				6956B6001F5AFA4D003E810C /* BookingDetailViewController.swift */,
				69102E821F5B9DA300685760 /* BookingsCellTableViewCell.swift */,
			);
			path = "Quality Clean";
			sourceTree = "<group>";
		};
		9B9CDF31590C16E662094FEB /* Pods */ = {
			isa = PBXGroup;
			children = (
				6A60A0633CC6975A39E0478E /* Pods-Quality Clean.debug.xcconfig */,
				9743DBF875DC5A2F22730220 /* Pods-Quality Clean.release.xcconfig */,
			);
			name = Pods;
			sourceTree = "<group>";
		};
/* End PBXGroup section */

/* Begin PBXNativeTarget section */
		69DAAF581F4F2B46006E7CE3 /* Quality Clean */ = {
			isa = PBXNativeTarget;
			buildConfigurationList = 69DAAF6D1F4F2B46006E7CE3 /* Build configuration list for PBXNativeTarget "Quality Clean" */;
			buildPhases = (
				2AB96F297B7387332C7844E4 /* [CP] Check Pods Manifest.lock */,
				69DAAF551F4F2B46006E7CE3 /* Sources */,
				69DAAF561F4F2B46006E7CE3 /* Frameworks */,
				69DAAF571F4F2B46006E7CE3 /* Resources */,
				F71432FEB88A5D10105EE9EA /* [CP] Embed Pods Frameworks */,
				738CBB3C46F24BF6C467EC50 /* [CP] Copy Pods Resources */,
			);
			buildRules = (
			);
			dependencies = (
			);
			name = "Quality Clean";
			productName = "Quality Clean";
			productReference = 69DAAF591F4F2B46006E7CE3 /* Quality Clean.app */;
			productType = "com.apple.product-type.application";
		};
/* End PBXNativeTarget section */

/* Begin PBXProject section */
		69DAAF511F4F2B46006E7CE3 /* Project object */ = {
			isa = PBXProject;
			attributes = {
				LastSwiftUpdateCheck = 0830;
				LastUpgradeCheck = 0830;
				ORGANIZATIONNAME = "Quality Clean Nation LLC";
				TargetAttributes = {
					69DAAF581F4F2B46006E7CE3 = {
						CreatedOnToolsVersion = 8.3.3;
						DevelopmentTeam = 55NN688S43;
						ProvisioningStyle = Automatic;
					};
				};
			};
			buildConfigurationList = 69DAAF541F4F2B46006E7CE3 /* Build configuration list for PBXProject "Quality Clean" */;
			compatibilityVersion = "Xcode 3.2";
			developmentRegion = English;
			hasScannedForEncodings = 0;
			knownRegions = (
				en,
				Base,
			);
			mainGroup = 69DAAF501F4F2B46006E7CE3;
			productRefGroup = 69DAAF5A1F4F2B46006E7CE3 /* Products */;
			projectDirPath = "";
			projectRoot = "";
			targets = (
				69DAAF581F4F2B46006E7CE3 /* Quality Clean */,
			);
		};
/* End PBXProject section */

/* Begin PBXResourcesBuildPhase section */
		69DAAF571F4F2B46006E7CE3 /* Resources */ = {
			isa = PBXResourcesBuildPhase;
			buildActionMask = 2147483647;
			files = (
				69DAAF691F4F2B46006E7CE3 /* LaunchScreen.storyboard in Resources */,
				6956B5FF1F5AF808003E810C /* placeholderhome.jpg in Resources */,
				69F7EB511F5006A90098BF47 /* avatar-empty@2x.png in Resources */,
				699CCA381F4FF1610089D45B /* owl.jpg in Resources */,
				6993EBB11F5B61D4002C8965 /* rocket.png in Resources */,
				69DAAF731F4F3385006E7CE3 /* GoogleService-Info.plist in Resources */,
				6956B6031F5B0128003E810C /* o.png in Resources */,
				69102E7D1F5B83CD00685760 /* avatar-overlay.png in Resources */,
				69C52DD91F5353BC00E4E9C9 /* transparenticon.png in Resources */,
				69C52DD71F53539000E4E9C9 /* icon.png in Resources */,
				69DAAF661F4F2B46006E7CE3 /* Assets.xcassets in Resources */,
				6993EBA91F5B6066002C8965 /* icons8-User-50.png in Resources */,
				69F7EB501F5006A90098BF47 /* avatar-empty.png in Resources */,
				69102E7C1F5B83CD00685760 /* avatar-overlay@2x.png in Resources */,
				69DAAF641F4F2B46006E7CE3 /* Main.storyboard in Resources */,
			);
			runOnlyForDeploymentPostprocessing = 0;
		};
/* End PBXResourcesBuildPhase section */

/* Begin PBXShellScriptBuildPhase section */
		2AB96F297B7387332C7844E4 /* [CP] Check Pods Manifest.lock */ = {
			isa = PBXShellScriptBuildPhase;
			buildActionMask = 2147483647;
			files = (
			);
			inputPaths = (
				"${PODS_PODFILE_DIR_PATH}/Podfile.lock",
				"${PODS_ROOT}/Manifest.lock",
			);
			name = "[CP] Check Pods Manifest.lock";
			outputPaths = (
				"$(DERIVED_FILE_DIR)/Pods-Quality Clean-checkManifestLockResult.txt",
			);
			runOnlyForDeploymentPostprocessing = 0;
			shellPath = /bin/sh;
			shellScript = "diff \"${PODS_PODFILE_DIR_PATH}/Podfile.lock\" \"${PODS_ROOT}/Manifest.lock\" > /dev/null\nif [ $? != 0 ] ; then\n    # print error to STDERR\n    echo \"error: The sandbox is not in sync with the Podfile.lock. Run 'pod install' or update your CocoaPods installation.\" >&2\n    exit 1\nfi\n# This output is used by Xcode 'outputs' to avoid re-running this script phase.\necho \"SUCCESS\" > \"${SCRIPT_OUTPUT_FILE_0}\"\n";
			showEnvVarsInLog = 0;
		};
		738CBB3C46F24BF6C467EC50 /* [CP] Copy Pods Resources */ = {
			isa = PBXShellScriptBuildPhase;
			buildActionMask = 2147483647;
			files = (
			);
			inputPaths = (
			);
			name = "[CP] Copy Pods Resources";
			outputPaths = (
			);
			runOnlyForDeploymentPostprocessing = 0;
			shellPath = /bin/sh;
			shellScript = "\"${SRCROOT}/Pods/Target Support Files/Pods-Quality Clean/Pods-Quality Clean-resources.sh\"\n";
			showEnvVarsInLog = 0;
		};
		F71432FEB88A5D10105EE9EA /* [CP] Embed Pods Frameworks */ = {
			isa = PBXShellScriptBuildPhase;
			buildActionMask = 2147483647;
			files = (
			);
			inputPaths = (
				"${SRCROOT}/Pods/Target Support Files/Pods-Quality Clean/Pods-Quality Clean-frameworks.sh",
				"${BUILT_PRODUCTS_DIR}/DGElasticPullToRefresh/DGElasticPullToRefresh.framework",
				"${BUILT_PRODUCTS_DIR}/DateTimePicker/DateTimePicker.framework",
				"${BUILT_PRODUCTS_DIR}/Floaty/Floaty.framework",
				"${BUILT_PRODUCTS_DIR}/GTMSessionFetcher/GTMSessionFetcher.framework",
				"${BUILT_PRODUCTS_DIR}/GoogleToolboxForMac/GoogleToolboxForMac.framework",
				"${BUILT_PRODUCTS_DIR}/SwiftForms/SwiftForms.framework",
				"${BUILT_PRODUCTS_DIR}/leveldb-library/leveldb.framework",
				"${BUILT_PRODUCTS_DIR}/nanopb/nanopb.framework",
			);
			name = "[CP] Embed Pods Frameworks";
			outputPaths = (
				"${TARGET_BUILD_DIR}/${FRAMEWORKS_FOLDER_PATH}/DGElasticPullToRefresh.framework",
				"${TARGET_BUILD_DIR}/${FRAMEWORKS_FOLDER_PATH}/DateTimePicker.framework",
				"${TARGET_BUILD_DIR}/${FRAMEWORKS_FOLDER_PATH}/Floaty.framework",
				"${TARGET_BUILD_DIR}/${FRAMEWORKS_FOLDER_PATH}/GTMSessionFetcher.framework",
				"${TARGET_BUILD_DIR}/${FRAMEWORKS_FOLDER_PATH}/GoogleToolboxForMac.framework",
				"${TARGET_BUILD_DIR}/${FRAMEWORKS_FOLDER_PATH}/SwiftForms.framework",
				"${TARGET_BUILD_DIR}/${FRAMEWORKS_FOLDER_PATH}/leveldb.framework",
				"${TARGET_BUILD_DIR}/${FRAMEWORKS_FOLDER_PATH}/nanopb.framework",
			);
			runOnlyForDeploymentPostprocessing = 0;
			shellPath = /bin/sh;
			shellScript = "\"${SRCROOT}/Pods/Target Support Files/Pods-Quality Clean/Pods-Quality Clean-frameworks.sh\"\n";
			showEnvVarsInLog = 0;
		};
/* End PBXShellScriptBuildPhase section */

/* Begin PBXSourcesBuildPhase section */
		69DAAF551F4F2B46006E7CE3 /* Sources */ = {
			isa = PBXSourcesBuildPhase;
			buildActionMask = 2147483647;
			files = (
				69DAAF611F4F2B46006E7CE3 /* SecondViewController.swift in Sources */,
				6956B6011F5AFA4D003E810C /* BookingDetailViewController.swift in Sources */,
				69DAAF5D1F4F2B46006E7CE3 /* AppDelegate.swift in Sources */,
				69DAAF711F4F3333006E7CE3 /* SignUpViewController.swift in Sources */,
				69B09EEB1F4F474300E134E8 /* ResetPasswordViewController.swift in Sources */,
				69B09EE91F4F472400E134E8 /* LoginViewController.swift in Sources */,
				69DAAF5F1F4F2B46006E7CE3 /* FirstViewController.swift in Sources */,
				6929554F1F5A57D20034CBB5 /* PickerDialog.swift in Sources */,
				6923D3B41F4F8C75006D0FA1 /* Constants.swift in Sources */,
				696160F21F51E9F1009133F6 /* ScrollViewController.swift in Sources */,
				69D116761F4F967C004BE063 /* CompleteSignUpViewController.swift in Sources */,
				69102E831F5B9DA300685760 /* BookingsCellTableViewCell.swift in Sources */,
				69F452C91F50F8DE00D78E45 /* BookingsViewControllerTableViewController.swift in Sources */,
			);
			runOnlyForDeploymentPostprocessing = 0;
		};
/* End PBXSourcesBuildPhase section */

/* Begin PBXVariantGroup section */
		69DAAF621F4F2B46006E7CE3 /* Main.storyboard */ = {
			isa = PBXVariantGroup;
			children = (
				69DAAF631F4F2B46006E7CE3 /* Base */,
			);
			name = Main.storyboard;
			sourceTree = "<group>";
		};
		69DAAF671F4F2B46006E7CE3 /* LaunchScreen.storyboard */ = {
			isa = PBXVariantGroup;
			children = (
				69DAAF681F4F2B46006E7CE3 /* Base */,
			);
			name = LaunchScreen.storyboard;
			sourceTree = "<group>";
		};
/* End PBXVariantGroup section */

/* Begin XCBuildConfiguration section */
		69DAAF6B1F4F2B46006E7CE3 /* Debug */ = {
			isa = XCBuildConfiguration;
			buildSettings = {
				ALWAYS_SEARCH_USER_PATHS = NO;
				CLANG_ANALYZER_NONNULL = YES;
				CLANG_ANALYZER_NUMBER_OBJECT_CONVERSION = YES_AGGRESSIVE;
				CLANG_CXX_LANGUAGE_STANDARD = "gnu++0x";
				CLANG_CXX_LIBRARY = "libc++";
				CLANG_ENABLE_MODULES = YES;
				CLANG_ENABLE_OBJC_ARC = YES;
				CLANG_WARN_BOOL_CONVERSION = YES;
				CLANG_WARN_CONSTANT_CONVERSION = YES;
				CLANG_WARN_DIRECT_OBJC_ISA_USAGE = YES_ERROR;
				CLANG_WARN_DOCUMENTATION_COMMENTS = YES;
				CLANG_WARN_EMPTY_BODY = YES;
				CLANG_WARN_ENUM_CONVERSION = YES;
				CLANG_WARN_INFINITE_RECURSION = YES;
				CLANG_WARN_INT_CONVERSION = YES;
				CLANG_WARN_OBJC_ROOT_CLASS = YES_ERROR;
				CLANG_WARN_SUSPICIOUS_MOVE = YES;
				CLANG_WARN_UNREACHABLE_CODE = YES;
				CLANG_WARN__DUPLICATE_METHOD_MATCH = YES;
				"CODE_SIGN_IDENTITY[sdk=iphoneos*]" = "iPhone Developer";
				COPY_PHASE_STRIP = NO;
				DEBUG_INFORMATION_FORMAT = dwarf;
				ENABLE_STRICT_OBJC_MSGSEND = YES;
				ENABLE_TESTABILITY = YES;
				GCC_C_LANGUAGE_STANDARD = gnu99;
				GCC_DYNAMIC_NO_PIC = NO;
				GCC_NO_COMMON_BLOCKS = YES;
				GCC_OPTIMIZATION_LEVEL = 0;
				GCC_PREPROCESSOR_DEFINITIONS = (
					"DEBUG=1",
					"$(inherited)",
				);
				GCC_WARN_64_TO_32_BIT_CONVERSION = YES;
				GCC_WARN_ABOUT_RETURN_TYPE = YES_ERROR;
				GCC_WARN_UNDECLARED_SELECTOR = YES;
				GCC_WARN_UNINITIALIZED_AUTOS = YES_AGGRESSIVE;
				GCC_WARN_UNUSED_FUNCTION = YES;
				GCC_WARN_UNUSED_VARIABLE = YES;
				IPHONEOS_DEPLOYMENT_TARGET = 10.3;
				MTL_ENABLE_DEBUG_INFO = YES;
				ONLY_ACTIVE_ARCH = YES;
				SDKROOT = iphoneos;
				SWIFT_ACTIVE_COMPILATION_CONDITIONS = DEBUG;
				SWIFT_OPTIMIZATION_LEVEL = "-Onone";
				TARGETED_DEVICE_FAMILY = "1,2";
			};
			name = Debug;
		};
		69DAAF6C1F4F2B46006E7CE3 /* Release */ = {
			isa = XCBuildConfiguration;
			buildSettings = {
				ALWAYS_SEARCH_USER_PATHS = NO;
				CLANG_ANALYZER_NONNULL = YES;
				CLANG_ANALYZER_NUMBER_OBJECT_CONVERSION = YES_AGGRESSIVE;
				CLANG_CXX_LANGUAGE_STANDARD = "gnu++0x";
				CLANG_CXX_LIBRARY = "libc++";
				CLANG_ENABLE_MODULES = YES;
				CLANG_ENABLE_OBJC_ARC = YES;
				CLANG_WARN_BOOL_CONVERSION = YES;
				CLANG_WARN_CONSTANT_CONVERSION = YES;
				CLANG_WARN_DIRECT_OBJC_ISA_USAGE = YES_ERROR;
				CLANG_WARN_DOCUMENTATION_COMMENTS = YES;
				CLANG_WARN_EMPTY_BODY = YES;
				CLANG_WARN_ENUM_CONVERSION = YES;
				CLANG_WARN_INFINITE_RECURSION = YES;
				CLANG_WARN_INT_CONVERSION = YES;
				CLANG_WARN_OBJC_ROOT_CLASS = YES_ERROR;
				CLANG_WARN_SUSPICIOUS_MOVE = YES;
				CLANG_WARN_UNREACHABLE_CODE = YES;
				CLANG_WARN__DUPLICATE_METHOD_MATCH = YES;
				"CODE_SIGN_IDENTITY[sdk=iphoneos*]" = "iPhone Developer";
				COPY_PHASE_STRIP = NO;
				DEBUG_INFORMATION_FORMAT = "dwarf-with-dsym";
				ENABLE_NS_ASSERTIONS = NO;
				ENABLE_STRICT_OBJC_MSGSEND = YES;
				GCC_C_LANGUAGE_STANDARD = gnu99;
				GCC_NO_COMMON_BLOCKS = YES;
				GCC_WARN_64_TO_32_BIT_CONVERSION = YES;
				GCC_WARN_ABOUT_RETURN_TYPE = YES_ERROR;
				GCC_WARN_UNDECLARED_SELECTOR = YES;
				GCC_WARN_UNINITIALIZED_AUTOS = YES_AGGRESSIVE;
				GCC_WARN_UNUSED_FUNCTION = YES;
				GCC_WARN_UNUSED_VARIABLE = YES;
				IPHONEOS_DEPLOYMENT_TARGET = 10.3;
				MTL_ENABLE_DEBUG_INFO = NO;
				SDKROOT = iphoneos;
				SWIFT_OPTIMIZATION_LEVEL = "-Owholemodule";
				TARGETED_DEVICE_FAMILY = "1,2";
				VALIDATE_PRODUCT = YES;
			};
			name = Release;
		};
		69DAAF6E1F4F2B46006E7CE3 /* Debug */ = {
			isa = XCBuildConfiguration;
			baseConfigurationReference = 6A60A0633CC6975A39E0478E /* Pods-Quality Clean.debug.xcconfig */;
			buildSettings = {
				ASSETCATALOG_COMPILER_APPICON_NAME = "AppIcon-1";
				DEVELOPMENT_TEAM = 55NN688S43;
				INFOPLIST_FILE = "Quality Clean/Info.plist";
				IPHONEOS_DEPLOYMENT_TARGET = 10.0;
				LD_RUNPATH_SEARCH_PATHS = "$(inherited) @executable_path/Frameworks";
				PRODUCT_BUNDLE_IDENTIFIER = com.qcmiami.ios;
				PRODUCT_NAME = "$(TARGET_NAME)";
				SWIFT_VERSION = 3.0;
				TARGETED_DEVICE_FAMILY = 1;
			};
			name = Debug;
		};
		69DAAF6F1F4F2B46006E7CE3 /* Release */ = {
			isa = XCBuildConfiguration;
			baseConfigurationReference = 9743DBF875DC5A2F22730220 /* Pods-Quality Clean.release.xcconfig */;
			buildSettings = {
				ASSETCATALOG_COMPILER_APPICON_NAME = "AppIcon-1";
				DEVELOPMENT_TEAM = 55NN688S43;
				INFOPLIST_FILE = "Quality Clean/Info.plist";
				IPHONEOS_DEPLOYMENT_TARGET = 10.0;
				LD_RUNPATH_SEARCH_PATHS = "$(inherited) @executable_path/Frameworks";
				PRODUCT_BUNDLE_IDENTIFIER = com.qcmiami.ios;
				PRODUCT_NAME = "$(TARGET_NAME)";
				SWIFT_VERSION = 3.0;
				TARGETED_DEVICE_FAMILY = 1;
			};
			name = Release;
		};
/* End XCBuildConfiguration section */

/* Begin XCConfigurationList section */
		69DAAF541F4F2B46006E7CE3 /* Build configuration list for PBXProject "Quality Clean" */ = {
			isa = XCConfigurationList;
			buildConfigurations = (
				69DAAF6B1F4F2B46006E7CE3 /* Debug */,
				69DAAF6C1F4F2B46006E7CE3 /* Release */,
			);
			defaultConfigurationIsVisible = 0;
			defaultConfigurationName = Release;
		};
		69DAAF6D1F4F2B46006E7CE3 /* Build configuration list for PBXNativeTarget "Quality Clean" */ = {
			isa = XCConfigurationList;
			buildConfigurations = (
				69DAAF6E1F4F2B46006E7CE3 /* Debug */,
				69DAAF6F1F4F2B46006E7CE3 /* Release */,
			);
			defaultConfigurationIsVisible = 0;
			defaultConfigurationName = Release;
		};
/* End XCConfigurationList section */
	};
	rootObject = 69DAAF511F4F2B46006E7CE3 /* Project object */;
}
